// !$*UTF8*$!
{
	archiveVersion = 1;
	classes = {
	};
	objectVersion = 56;
	objects = {

/* Begin PBXBuildFile section */
		43450A2C2968EDE700CF8D2D /* registerVC.swift in Sources */ = {isa = PBXBuildFile; fileRef = 43450A2B2968EDE700CF8D2D /* registerVC.swift */; };
		4345F0E7296881F80062C5AA /* AppDelegate.swift in Sources */ = {isa = PBXBuildFile; fileRef = 4345F0E6296881F80062C5AA /* AppDelegate.swift */; };
		4345F0E9296881F80062C5AA /* SceneDelegate.swift in Sources */ = {isa = PBXBuildFile; fileRef = 4345F0E8296881F80062C5AA /* SceneDelegate.swift */; };
		4345F0EB296881F80062C5AA /* ViewController.swift in Sources */ = {isa = PBXBuildFile; fileRef = 4345F0EA296881F80062C5AA /* ViewController.swift */; };
		4345F0EE296881F80062C5AA /* Main.storyboard in Resources */ = {isa = PBXBuildFile; fileRef = 4345F0EC296881F80062C5AA /* Main.storyboard */; };
		4345F0F1296881F80062C5AA /* Baskent_DSC_Admin_Panel.xcdatamodeld in Sources */ = {isa = PBXBuildFile; fileRef = 4345F0EF296881F80062C5AA /* Baskent_DSC_Admin_Panel.xcdatamodeld */; };
		4345F0F3296881F90062C5AA /* Assets.xcassets in Resources */ = {isa = PBXBuildFile; fileRef = 4345F0F2296881F90062C5AA /* Assets.xcassets */; };
		4345F0F6296881F90062C5AA /* LaunchScreen.storyboard in Resources */ = {isa = PBXBuildFile; fileRef = 4345F0F4296881F90062C5AA /* LaunchScreen.storyboard */; };
		43524F72296A0D5300B8B6DB /* announcementVC.swift in Sources */ = {isa = PBXBuildFile; fileRef = 43524F71296A0D5300B8B6DB /* announcementVC.swift */; };
		43524F74296A0F2800B8B6DB /* announcementCell.swift in Sources */ = {isa = PBXBuildFile; fileRef = 43524F73296A0F2800B8B6DB /* announcementCell.swift */; };
		4366DF12296973E100603B8E /* menuVC.swift in Sources */ = {isa = PBXBuildFile; fileRef = 4366DF11296973E100603B8E /* menuVC.swift */; };
		4366DF1429699D7E00603B8E /* personalVC.swift in Sources */ = {isa = PBXBuildFile; fileRef = 4366DF1329699D7E00603B8E /* personalVC.swift */; };
/* End PBXBuildFile section */

/* Begin PBXFileReference section */
		43450A2B2968EDE700CF8D2D /* registerVC.swift */ = {isa = PBXFileReference; lastKnownFileType = sourcecode.swift; path = registerVC.swift; sourceTree = "<group>"; };
		4345F0E3296881F80062C5AA /* Baskent DSC Admin Panel.app */ = {isa = PBXFileReference; explicitFileType = wrapper.application; includeInIndex = 0; path = "Baskent DSC Admin Panel.app"; sourceTree = BUILT_PRODUCTS_DIR; };
		4345F0E6296881F80062C5AA /* AppDelegate.swift */ = {isa = PBXFileReference; lastKnownFileType = sourcecode.swift; path = AppDelegate.swift; sourceTree = "<group>"; };
		4345F0E8296881F80062C5AA /* SceneDelegate.swift */ = {isa = PBXFileReference; lastKnownFileType = sourcecode.swift; path = SceneDelegate.swift; sourceTree = "<group>"; };
		4345F0EA296881F80062C5AA /* ViewController.swift */ = {isa = PBXFileReference; lastKnownFileType = sourcecode.swift; path = ViewController.swift; sourceTree = "<group>"; };
		4345F0ED296881F80062C5AA /* Base */ = {isa = PBXFileReference; lastKnownFileType = file.storyboard; name = Base; path = Base.lproj/Main.storyboard; sourceTree = "<group>"; };
		4345F0F0296881F80062C5AA /* Baskent_DSC_Admin_Panel.xcdatamodel */ = {isa = PBXFileReference; lastKnownFileType = wrapper.xcdatamodel; path = Baskent_DSC_Admin_Panel.xcdatamodel; sourceTree = "<group>"; };
		4345F0F2296881F90062C5AA /* Assets.xcassets */ = {isa = PBXFileReference; lastKnownFileType = folder.assetcatalog; path = Assets.xcassets; sourceTree = "<group>"; };
		4345F0F5296881F90062C5AA /* Base */ = {isa = PBXFileReference; lastKnownFileType = file.storyboard; name = Base; path = Base.lproj/LaunchScreen.storyboard; sourceTree = "<group>"; };
		4345F0F7296881F90062C5AA /* Info.plist */ = {isa = PBXFileReference; lastKnownFileType = text.plist.xml; path = Info.plist; sourceTree = "<group>"; };
		43524F71296A0D5300B8B6DB /* announcementVC.swift */ = {isa = PBXFileReference; lastKnownFileType = sourcecode.swift; path = announcementVC.swift; sourceTree = "<group>"; };
		43524F73296A0F2800B8B6DB /* announcementCell.swift */ = {isa = PBXFileReference; lastKnownFileType = sourcecode.swift; path = announcementCell.swift; sourceTree = "<group>"; };
		4366DF11296973E100603B8E /* menuVC.swift */ = {isa = PBXFileReference; lastKnownFileType = sourcecode.swift; path = menuVC.swift; sourceTree = "<group>"; };
		4366DF1329699D7E00603B8E /* personalVC.swift */ = {isa = PBXFileReference; lastKnownFileType = sourcecode.swift; path = personalVC.swift; sourceTree = "<group>"; };
/* End PBXFileReference section */

/* Begin PBXFrameworksBuildPhase section */
		4345F0E0296881F80062C5AA /* Frameworks */ = {
			isa = PBXFrameworksBuildPhase;
			buildActionMask = 2147483647;
			files = (
			);
			runOnlyForDeploymentPostprocessing = 0;
		};
/* End PBXFrameworksBuildPhase section */

/* Begin PBXGroup section */
		4345F0DA296881F80062C5AA = {
			isa = PBXGroup;
			children = (
				4345F0E5296881F80062C5AA /* Baskent DSC Admin Panel */,
				4345F0E4296881F80062C5AA /* Products */,
			);
			sourceTree = "<group>";
		};
		4345F0E4296881F80062C5AA /* Products */ = {
			isa = PBXGroup;
			children = (
				4345F0E3296881F80062C5AA /* Baskent DSC Admin Panel.app */,
			);
			name = Products;
			sourceTree = "<group>";
		};
		4345F0E5296881F80062C5AA /* Baskent DSC Admin Panel */ = {
			isa = PBXGroup;
			children = (
				4345F0E6296881F80062C5AA /* AppDelegate.swift */,
				4345F0E8296881F80062C5AA /* SceneDelegate.swift */,
				4345F0EA296881F80062C5AA /* ViewController.swift */,
				43450A2B2968EDE700CF8D2D /* registerVC.swift */,
				4366DF11296973E100603B8E /* menuVC.swift */,
				4366DF1329699D7E00603B8E /* personalVC.swift */,
				43524F71296A0D5300B8B6DB /* announcementVC.swift */,
				43524F73296A0F2800B8B6DB /* announcementCell.swift */,
				4345F0EC296881F80062C5AA /* Main.storyboard */,
				4345F0F2296881F90062C5AA /* Assets.xcassets */,
				4345F0F4296881F90062C5AA /* LaunchScreen.storyboard */,
				4345F0F7296881F90062C5AA /* Info.plist */,
				4345F0EF296881F80062C5AA /* Baskent_DSC_Admin_Panel.xcdatamodeld */,
			);
			path = "Baskent DSC Admin Panel";
			sourceTree = "<group>";
		};
/* End PBXGroup section */

/* Begin PBXNativeTarget section */
		4345F0E2296881F80062C5AA /* Baskent DSC Admin Panel */ = {
			isa = PBXNativeTarget;
			buildConfigurationList = 4345F0FA296881F90062C5AA /* Build configuration list for PBXNativeTarget "Baskent DSC Admin Panel" */;
			buildPhases = (
				4345F0DF296881F80062C5AA /* Sources */,
				4345F0E0296881F80062C5AA /* Frameworks */,
				4345F0E1296881F80062C5AA /* Resources */,
			);
			buildRules = (
			);
			dependencies = (
			);
			name = "Baskent DSC Admin Panel";
			productName = "Baskent DSC Admin Panel";
			productReference = 4345F0E3296881F80062C5AA /* Baskent DSC Admin Panel.app */;
			productType = "com.apple.product-type.application";
		};
/* End PBXNativeTarget section */

/* Begin PBXProject section */
		4345F0DB296881F80062C5AA /* Project object */ = {
			isa = PBXProject;
			attributes = {
				BuildIndependentTargetsInParallel = 1;
				LastSwiftUpdateCheck = 1420;
				LastUpgradeCheck = 1420;
				TargetAttributes = {
					4345F0E2296881F80062C5AA = {
						CreatedOnToolsVersion = 14.2;
					};
				};
			};
			buildConfigurationList = 4345F0DE296881F80062C5AA /* Build configuration list for PBXProject "Baskent DSC Admin Panel" */;
			compatibilityVersion = "Xcode 14.0";
			developmentRegion = en;
			hasScannedForEncodings = 0;
			knownRegions = (
				en,
				Base,
			);
			mainGroup = 4345F0DA296881F80062C5AA;
			productRefGroup = 4345F0E4296881F80062C5AA /* Products */;
			projectDirPath = "";
			projectRoot = "";
			targets = (
				4345F0E2296881F80062C5AA /* Baskent DSC Admin Panel */,
			);
		};
/* End PBXProject section */

/* Begin PBXResourcesBuildPhase section */
		4345F0E1296881F80062C5AA /* Resources */ = {
			isa = PBXResourcesBuildPhase;
			buildActionMask = 2147483647;
			files = (
				4345F0F6296881F90062C5AA /* LaunchScreen.storyboard in Resources */,
				4345F0F3296881F90062C5AA /* Assets.xcassets in Resources */,
				4345F0EE296881F80062C5AA /* Main.storyboard in Resources */,
			);
			runOnlyForDeploymentPostprocessing = 0;
		};
/* End PBXResourcesBuildPhase section */

/* Begin PBXSourcesBuildPhase section */
		4345F0DF296881F80062C5AA /* Sources */ = {
			isa = PBXSourcesBuildPhase;
			buildActionMask = 2147483647;
			files = (
				4366DF1429699D7E00603B8E /* personalVC.swift in Sources */,
				4345F0F1296881F80062C5AA /* Baskent_DSC_Admin_Panel.xcdatamodeld in Sources */,
				43524F74296A0F2800B8B6DB /* announcementCell.swift in Sources */,
				4345F0EB296881F80062C5AA /* ViewController.swift in Sources */,
				43524F72296A0D5300B8B6DB /* announcementVC.swift in Sources */,
				4345F0E7296881F80062C5AA /* AppDelegate.swift in Sources */,
				4366DF12296973E100603B8E /* menuVC.swift in Sources */,
				4345F0E9296881F80062C5AA /* SceneDelegate.swift in Sources */,
				43450A2C2968EDE700CF8D2D /* registerVC.swift in Sources */,
			);
			runOnlyForDeploymentPostprocessing = 0;
		};
/* End PBXSourcesBuildPhase section */

/* Begin PBXVariantGroup section */
		4345F0EC296881F80062C5AA /* Main.storyboard */ = {
			isa = PBXVariantGroup;
			children = (
				4345F0ED296881F80062C5AA /* Base */,
			);
			name = Main.storyboard;
			sourceTree = "<group>";
		};
		4345F0F4296881F90062C5AA /* LaunchScreen.storyboard */ = {
			isa = PBXVariantGroup;
			children = (
				4345F0F5296881F90062C5AA /* Base */,
			);
			name = LaunchScreen.storyboard;
			sourceTree = "<group>";
		};
/* End PBXVariantGroup section */

/* Begin XCBuildConfiguration section */
		4345F0F8296881F90062C5AA /* Debug */ = {
			isa = XCBuildConfiguration;
			buildSettings = {
				ALWAYS_SEARCH_USER_PATHS = NO;
				CLANG_ANALYZER_NONNULL = YES;
				CLANG_ANALYZER_NUMBER_OBJECT_CONVERSION = YES_AGGRESSIVE;
				CLANG_CXX_LANGUAGE_STANDARD = "gnu++20";
				CLANG_ENABLE_MODULES = YES;
				CLANG_ENABLE_OBJC_ARC = YES;
				CLANG_ENABLE_OBJC_WEAK = YES;
				CLANG_WARN_BLOCK_CAPTURE_AUTORELEASING = YES;
				CLANG_WARN_BOOL_CONVERSION = YES;
				CLANG_WARN_COMMA = YES;
				CLANG_WARN_CONSTANT_CONVERSION = YES;
				CLANG_WARN_DEPRECATED_OBJC_IMPLEMENTATIONS = YES;
				CLANG_WARN_DIRECT_OBJC_ISA_USAGE = YES_ERROR;
				CLANG_WARN_DOCUMENTATION_COMMENTS = YES;
				CLANG_WARN_EMPTY_BODY = YES;
				CLANG_WARN_ENUM_CONVERSION = YES;
				CLANG_WARN_INFINITE_RECURSION = YES;
				CLANG_WARN_INT_CONVERSION = YES;
				CLANG_WARN_NON_LITERAL_NULL_CONVERSION = YES;
				CLANG_WARN_OBJC_IMPLICIT_RETAIN_SELF = YES;
				CLANG_WARN_OBJC_LITERAL_CONVERSION = YES;
				CLANG_WARN_OBJC_ROOT_CLASS = YES_ERROR;
				CLANG_WARN_QUOTED_INCLUDE_IN_FRAMEWORK_HEADER = YES;
				CLANG_WARN_RANGE_LOOP_ANALYSIS = YES;
				CLANG_WARN_STRICT_PROTOTYPES = YES;
				CLANG_WARN_SUSPICIOUS_MOVE = YES;
				CLANG_WARN_UNGUARDED_AVAILABILITY = YES_AGGRESSIVE;
				CLANG_WARN_UNREACHABLE_CODE = YES;
				CLANG_WARN__DUPLICATE_METHOD_MATCH = YES;
				COPY_PHASE_STRIP = NO;
				DEBUG_INFORMATION_FORMAT = dwarf;
				ENABLE_STRICT_OBJC_MSGSEND = YES;
				ENABLE_TESTABILITY = YES;
				GCC_C_LANGUAGE_STANDARD = gnu11;
				GCC_DYNAMIC_NO_PIC = NO;
				GCC_NO_COMMON_BLOCKS = YES;
				GCC_OPTIMIZATION_LEVEL = 0;
				GCC_PREPROCESSOR_DEFINITIONS = (
					"DEBUG=1",
					"$(inherited)",
				);
				GCC_WARN_64_TO_32_BIT_CONVERSION = YES;
				GCC_WARN_ABOUT_RETURN_TYPE = YES_ERROR;
				GCC_WARN_UNDECLARED_SELECTOR = YES;
				GCC_WARN_UNINITIALIZED_AUTOS = YES_AGGRESSIVE;
				GCC_WARN_UNUSED_FUNCTION = YES;
				GCC_WARN_UNUSED_VARIABLE = YES;
				IPHONEOS_DEPLOYMENT_TARGET = 14.0;
				MTL_ENABLE_DEBUG_INFO = INCLUDE_SOURCE;
				MTL_FAST_MATH = YES;
				ONLY_ACTIVE_ARCH = YES;
				SDKROOT = iphoneos;
				SWIFT_ACTIVE_COMPILATION_CONDITIONS = DEBUG;
				SWIFT_OPTIMIZATION_LEVEL = "-Onone";
			};
			name = Debug;
		};
		4345F0F9296881F90062C5AA /* Release */ = {
			isa = XCBuildConfiguration;
			buildSettings = {
				ALWAYS_SEARCH_USER_PATHS = NO;
				CLANG_ANALYZER_NONNULL = YES;
				CLANG_ANALYZER_NUMBER_OBJECT_CONVERSION = YES_AGGRESSIVE;
				CLANG_CXX_LANGUAGE_STANDARD = "gnu++20";
				CLANG_ENABLE_MODULES = YES;
				CLANG_ENABLE_OBJC_ARC = YES;
				CLANG_ENABLE_OBJC_WEAK = YES;
				CLANG_WARN_BLOCK_CAPTURE_AUTORELEASING = YES;
				CLANG_WARN_BOOL_CONVERSION = YES;
				CLANG_WARN_COMMA = YES;
				CLANG_WARN_CONSTANT_CONVERSION = YES;
				CLANG_WARN_DEPRECATED_OBJC_IMPLEMENTATIONS = YES;
				CLANG_WARN_DIRECT_OBJC_ISA_USAGE = YES_ERROR;
				CLANG_WARN_DOCUMENTATION_COMMENTS = YES;
				CLANG_WARN_EMPTY_BODY = YES;
				CLANG_WARN_ENUM_CONVERSION = YES;
				CLANG_WARN_INFINITE_RECURSION = YES;
				CLANG_WARN_INT_CONVERSION = YES;
				CLANG_WARN_NON_LITERAL_NULL_CONVERSION = YES;
				CLANG_WARN_OBJC_IMPLICIT_RETAIN_SELF = YES;
				CLANG_WARN_OBJC_LITERAL_CONVERSION = YES;
				CLANG_WARN_OBJC_ROOT_CLASS = YES_ERROR;
				CLANG_WARN_QUOTED_INCLUDE_IN_FRAMEWORK_HEADER = YES;
				CLANG_WARN_RANGE_LOOP_ANALYSIS = YES;
				CLANG_WARN_STRICT_PROTOTYPES = YES;
				CLANG_WARN_SUSPICIOUS_MOVE = YES;
				CLANG_WARN_UNGUARDED_AVAILABILITY = YES_AGGRESSIVE;
				CLANG_WARN_UNREACHABLE_CODE = YES;
				CLANG_WARN__DUPLICATE_METHOD_MATCH = YES;
				COPY_PHASE_STRIP = NO;
				DEBUG_INFORMATION_FORMAT = "dwarf-with-dsym";
				ENABLE_NS_ASSERTIONS = NO;
				ENABLE_STRICT_OBJC_MSGSEND = YES;
				GCC_C_LANGUAGE_STANDARD = gnu11;
				GCC_NO_COMMON_BLOCKS = YES;
				GCC_WARN_64_TO_32_BIT_CONVERSION = YES;
				GCC_WARN_ABOUT_RETURN_TYPE = YES_ERROR;
				GCC_WARN_UNDECLARED_SELECTOR = YES;
				GCC_WARN_UNINITIALIZED_AUTOS = YES_AGGRESSIVE;
				GCC_WARN_UNUSED_FUNCTION = YES;
				GCC_WARN_UNUSED_VARIABLE = YES;
				IPHONEOS_DEPLOYMENT_TARGET = 14.0;
				MTL_ENABLE_DEBUG_INFO = NO;
				MTL_FAST_MATH = YES;
				SDKROOT = iphoneos;
				SWIFT_COMPILATION_MODE = wholemodule;
				SWIFT_OPTIMIZATION_LEVEL = "-O";
				VALIDATE_PRODUCT = YES;
			};
			name = Release;
		};
		4345F0FB296881F90062C5AA /* Debug */ = {
			isa = XCBuildConfiguration;
			buildSettings = {
				ASSETCATALOG_COMPILER_APPICON_NAME = AppIcon;
				ASSETCATALOG_COMPILER_GLOBAL_ACCENT_COLOR_NAME = AccentColor;
				CODE_SIGN_STYLE = Automatic;
				CURRENT_PROJECT_VERSION = 1;
				DEVELOPMENT_TEAM = 8RZ4FKZ3KA;
				GENERATE_INFOPLIST_FILE = YES;
				INFOPLIST_FILE = "Baskent DSC Admin Panel/Info.plist";
				INFOPLIST_KEY_CFBundleDisplayName = "Baskent DSC Admin Panel";
				INFOPLIST_KEY_LSApplicationCategoryType = "public.app-category.utilities";
				INFOPLIST_KEY_UIApplicationSupportsIndirectInputEvents = YES;
				INFOPLIST_KEY_UILaunchStoryboardName = LaunchScreen;
				INFOPLIST_KEY_UIMainStoryboardFile = Main;
				INFOPLIST_KEY_UIStatusBarStyle = "";
				INFOPLIST_KEY_UISupportedInterfaceOrientations = UIInterfaceOrientationPortrait;
				IPHONEOS_DEPLOYMENT_TARGET = 14.0;
				LD_RUNPATH_SEARCH_PATHS = (
					"$(inherited)",
					"@executable_path/Frameworks",
				);
				MARKETING_VERSION = 1.0;
				PRODUCT_BUNDLE_IDENTIFIER = "doruk.Baskent-DSC-Admin-Panel";
				PRODUCT_NAME = "$(TARGET_NAME)";
				SWIFT_EMIT_LOC_STRINGS = YES;
				SWIFT_VERSION = 5.0;
				TARGETED_DEVICE_FAMILY = "1,2";
			};
			name = Debug;
		};
		4345F0FC296881F90062C5AA /* Release */ = {
			isa = XCBuildConfiguration;
			buildSettings = {
				ASSETCATALOG_COMPILER_APPICON_NAME = AppIcon;
				ASSETCATALOG_COMPILER_GLOBAL_ACCENT_COLOR_NAME = AccentColor;
				CODE_SIGN_STYLE = Automatic;
				CURRENT_PROJECT_VERSION = 1;
				DEVELOPMENT_TEAM = 8RZ4FKZ3KA;
				GENERATE_INFOPLIST_FILE = YES;
				INFOPLIST_FILE = "Baskent DSC Admin Panel/Info.plist";
				INFOPLIST_KEY_CFBundleDisplayName = "Baskent DSC Admin Panel";
				INFOPLIST_KEY_LSApplicationCategoryType = "public.app-category.utilities";
				INFOPLIST_KEY_UIApplicationSupportsIndirectInputEvents = YES;
				INFOPLIST_KEY_UILaunchStoryboardName = LaunchScreen;
				INFOPLIST_KEY_UIMainStoryboardFile = Main;
				INFOPLIST_KEY_UIStatusBarStyle = "";
				INFOPLIST_KEY_UISupportedInterfaceOrientations = UIInterfaceOrientationPortrait;
				IPHONEOS_DEPLOYMENT_TARGET = 14.0;
				LD_RUNPATH_SEARCH_PATHS = (
					"$(inherited)",
					"@executable_path/Frameworks",
				);
				MARKETING_VERSION = 1.0;
				PRODUCT_BUNDLE_IDENTIFIER = "doruk.Baskent-DSC-Admin-Panel";
				PRODUCT_NAME = "$(TARGET_NAME)";
				SWIFT_EMIT_LOC_STRINGS = YES;
				SWIFT_VERSION = 5.0;
				TARGETED_DEVICE_FAMILY = "1,2";
			};
			name = Release;
		};
/* End XCBuildConfiguration section */

/* Begin XCConfigurationList section */
		4345F0DE296881F80062C5AA /* Build configuration list for PBXProject "Baskent DSC Admin Panel" */ = {
			isa = XCConfigurationList;
			buildConfigurations = (
				4345F0F8296881F90062C5AA /* Debug */,
				4345F0F9296881F90062C5AA /* Release */,
			);
			defaultConfigurationIsVisible = 0;
			defaultConfigurationName = Release;
		};
		4345F0FA296881F90062C5AA /* Build configuration list for PBXNativeTarget "Baskent DSC Admin Panel" */ = {
			isa = XCConfigurationList;
			buildConfigurations = (
				4345F0FB296881F90062C5AA /* Debug */,
				4345F0FC296881F90062C5AA /* Release */,
			);
			defaultConfigurationIsVisible = 0;
			defaultConfigurationName = Release;
		};
/* End XCConfigurationList section */

/* Begin XCVersionGroup section */
		4345F0EF296881F80062C5AA /* Baskent_DSC_Admin_Panel.xcdatamodeld */ = {
			isa = XCVersionGroup;
			children = (
				4345F0F0296881F80062C5AA /* Baskent_DSC_Admin_Panel.xcdatamodel */,
			);
			currentVersion = 4345F0F0296881F80062C5AA /* Baskent_DSC_Admin_Panel.xcdatamodel */;
			path = Baskent_DSC_Admin_Panel.xcdatamodeld;
			sourceTree = "<group>";
			versionGroupType = wrapper.xcdatamodel;
		};
/* End XCVersionGroup section */
	};
	rootObject = 4345F0DB296881F80062C5AA /* Project object */;
}
